
Microsoft Visual Studio Solution File, Format Version 12.00
# Visual Studio Version 16
VisualStudioVersion = 16.0.30204.135
MinimumVisualStudioVersion = 10.0.40219.1
Project("{9A19103F-16F7-4668-BE54-9A1E7A4F7556}") = "CrudOperations", "CardLib\CrudOperations.csproj", "{6196B9B8-409C-44AA-A5B3-097200577DE5}"
EndProject
Project("{9A19103F-16F7-4668-BE54-9A1E7A4F7556}") = "DatabaseBackEnd", "DatabaseBackend\DatabaseBackEnd.csproj", "{B8F7BA22-5BB8-4AA8-8A0F-1C738A0A1C0F}"
EndProject
Project("{2150E333-8FDC-42A3-9474-1A3956D46DE8}") = "Testing", "Testing", "{9EEECBA0-533B-4CFF-8FE0-2B0D50C4AE1F}"
EndProject
Project("{9A19103F-16F7-4668-BE54-9A1E7A4F7556}") = "FrontEndTests", "FrontEndTests\FrontEndTests.csproj", "{8364E17E-6878-411D-B0DE-324901C57718}"
EndProject
Project("{2150E333-8FDC-42A3-9474-1A3956D46DE8}") = "Data", "Data", "{B06B099C-B51E-4ED6-B238-A87E2A989215}"
EndProject
Project("{9A19103F-16F7-4668-BE54-9A1E7A4F7556}") = "Globals", "CreditCardApplicantData\Globals.csproj", "{EEE9E1E2-CC42-4A59-A400-89D3DFAE49BD}"
EndProject
Project("{2150E333-8FDC-42A3-9474-1A3956D46DE8}") = "Solution Items", "Solution Items", "{676FEDBE-3943-4D4A-AA5F-A22444BFEA7E}"
	ProjectSection(SolutionItems) = preProject
		..\ClassDiagrams.md = ..\ClassDiagrams.md
		..\MarkdownCheatsheet.md = ..\MarkdownCheatsheet.md
		..\README.md = ..\README.md
	EndProjectSection
EndProject
Project("{9A19103F-16F7-4668-BE54-9A1E7A4F7556}") = "CrudOperationsTests", "CrudManagerTests\CrudOperationsTests.csproj", "{9F91FEC0-0402-4E4D-ACEC-4526808E351A}"
EndProject
Project("{9A19103F-16F7-4668-BE54-9A1E7A4F7556}") = "FrontEnd", "FrontEnd\FrontEnd.csproj", "{DBD897CB-CC88-4566-99DD-1C8E38EA7ADE}"
EndProject
Project("{FAE04EC0-301F-11D3-BF4B-00C04F79EFBC}") = "DatabaseBackEndTests", "DatabaseBackEndTests\DatabaseBackEndTests.csproj", "{4EF95D3E-2FA2-4976-B5F3-9E8835EDF0B2}"
EndProject
Global
	GlobalSection(SolutionConfigurationPlatforms) = preSolution
		Debug|Any CPU = Debug|Any CPU
		Release|Any CPU = Release|Any CPU
	EndGlobalSection
	GlobalSection(ProjectConfigurationPlatforms) = postSolution
		{6196B9B8-409C-44AA-A5B3-097200577DE5}.Debug|Any CPU.ActiveCfg = Debug|Any CPU
		{6196B9B8-409C-44AA-A5B3-097200577DE5}.Debug|Any CPU.Build.0 = Debug|Any CPU
		{6196B9B8-409C-44AA-A5B3-097200577DE5}.Release|Any CPU.ActiveCfg = Release|Any CPU
		{6196B9B8-409C-44AA-A5B3-097200577DE5}.Release|Any CPU.Build.0 = Release|Any CPU
		{B8F7BA22-5BB8-4AA8-8A0F-1C738A0A1C0F}.Debug|Any CPU.ActiveCfg = Debug|Any CPU
		{B8F7BA22-5BB8-4AA8-8A0F-1C738A0A1C0F}.Debug|Any CPU.Build.0 = Debug|Any CPU
		{B8F7BA22-5BB8-4AA8-8A0F-1C738A0A1C0F}.Release|Any CPU.ActiveCfg = Release|Any CPU
		{B8F7BA22-5BB8-4AA8-8A0F-1C738A0A1C0F}.Release|Any CPU.Build.0 = Release|Any CPU
		{8364E17E-6878-411D-B0DE-324901C57718}.Debug|Any CPU.ActiveCfg = Debug|Any CPU
		{8364E17E-6878-411D-B0DE-324901C57718}.Debug|Any CPU.Build.0 = Debug|Any CPU
		{8364E17E-6878-411D-B0DE-324901C57718}.Release|Any CPU.ActiveCfg = Release|Any CPU
		{8364E17E-6878-411D-B0DE-324901C57718}.Release|Any CPU.Build.0 = Release|Any CPU
		{EEE9E1E2-CC42-4A59-A400-89D3DFAE49BD}.Debug|Any CPU.ActiveCfg = Debug|Any CPU
		{EEE9E1E2-CC42-4A59-A400-89D3DFAE49BD}.Debug|Any CPU.Build.0 = Debug|Any CPU
		{EEE9E1E2-CC42-4A59-A400-89D3DFAE49BD}.Release|Any CPU.ActiveCfg = Release|Any CPU
		{EEE9E1E2-CC42-4A59-A400-89D3DFAE49BD}.Release|Any CPU.Build.0 = Release|Any CPU
		{9F91FEC0-0402-4E4D-ACEC-4526808E351A}.Debug|Any CPU.ActiveCfg = Debug|Any CPU
		{9F91FEC0-0402-4E4D-ACEC-4526808E351A}.Debug|Any CPU.Build.0 = Debug|Any CPU
		{9F91FEC0-0402-4E4D-ACEC-4526808E351A}.Release|Any CPU.ActiveCfg = Release|Any CPU
		{9F91FEC0-0402-4E4D-ACEC-4526808E351A}.Release|Any CPU.Build.0 = Release|Any CPU
		{DBD897CB-CC88-4566-99DD-1C8E38EA7ADE}.Debug|Any CPU.ActiveCfg = Debug|Any CPU
		{DBD897CB-CC88-4566-99DD-1C8E38EA7ADE}.Debug|Any CPU.Build.0 = Debug|Any CPU
		{DBD897CB-CC88-4566-99DD-1C8E38EA7ADE}.Release|Any CPU.ActiveCfg = Release|Any CPU
		{DBD897CB-CC88-4566-99DD-1C8E38EA7ADE}.Release|Any CPU.Build.0 = Release|Any CPU
		{4EF95D3E-2FA2-4976-B5F3-9E8835EDF0B2}.Debug|Any CPU.ActiveCfg = Debug|Any CPU
		{4EF95D3E-2FA2-4976-B5F3-9E8835EDF0B2}.Debug|Any CPU.Build.0 = Debug|Any CPU
		{4EF95D3E-2FA2-4976-B5F3-9E8835EDF0B2}.Release|Any CPU.ActiveCfg = Release|Any CPU
		{4EF95D3E-2FA2-4976-B5F3-9E8835EDF0B2}.Release|Any CPU.Build.0 = Release|Any CPU
	EndGlobalSection
	GlobalSection(SolutionProperties) = preSolution
		HideSolutionNode = FALSE
	EndGlobalSection
	GlobalSection(NestedProjects) = preSolution
		{8364E17E-6878-411D-B0DE-324901C57718} = {9EEECBA0-533B-4CFF-8FE0-2B0D50C4AE1F}
		{EEE9E1E2-CC42-4A59-A400-89D3DFAE49BD} = {B06B099C-B51E-4ED6-B238-A87E2A989215}
		{9F91FEC0-0402-4E4D-ACEC-4526808E351A} = {9EEECBA0-533B-4CFF-8FE0-2B0D50C4AE1F}
		{4EF95D3E-2FA2-4976-B5F3-9E8835EDF0B2} = {9EEECBA0-533B-4CFF-8FE0-2B0D50C4AE1F}
	EndGlobalSection
	GlobalSection(ExtensibilityGlobals) = postSolution
		SolutionGuid = {31111AAA-7A65-49C1-940C-741214DF3C23}
	EndGlobalSection
EndGlobal
